
Microsoft Visual Studio Solution File, Format Version 12.00
# Visual Studio 2013
VisualStudioVersion = 12.0.31101.0
MinimumVisualStudioVersion = 10.0.40219.1
Project("{FAE04EC0-301F-11D3-BF4B-00C04F79EFBC}") = "Tests", "Tests\Tests.csproj", "{C06864FE-892A-41DF-B5F0-DCF1773CFBC0}"
EndProject
Project("{FAE04EC0-301F-11D3-BF4B-00C04F79EFBC}") = "Site", "Site\Site.csproj", "{0165B3D1-D64C-4BF6-8B82-2E9F97CBBF12}"
EndProject
Project("{00D1A9C2-B5F0-4AF3-8072-F6C62B433612}") = "Database", "Database\Database.sqlproj", "{E5EE39FB-300E-443B-9FFC-75E589880BEA}"
EndProject
Project("{FAE04EC0-301F-11D3-BF4B-00C04F79EFBC}") = "Repository", "Repository\Repository.csproj", "{C8877229-F99D-4C3E-94B4-45CAC190E2CE}"
EndProject
Project("{2150E333-8FDC-42A3-9474-1A3956D46DE8}") = ".nuget", ".nuget", "{A69BDFD6-88F1-42D4-8F6C-4A80C0AD32F2}"
	ProjectSection(SolutionItems) = preProject
		.nuget\NuGet.Config = .nuget\NuGet.Config
		.nuget\NuGet.exe = .nuget\NuGet.exe
		.nuget\NuGet.targets = .nuget\NuGet.targets
	EndProjectSection
EndProject
Global
	GlobalSection(SolutionConfigurationPlatforms) = preSolution
		Debug|Any CPU = Debug|Any CPU
		Release|Any CPU = Release|Any CPU
	EndGlobalSection
	GlobalSection(ProjectConfigurationPlatforms) = postSolution
		{C06864FE-892A-41DF-B5F0-DCF1773CFBC0}.Debug|Any CPU.ActiveCfg = Debug|Any CPU
		{C06864FE-892A-41DF-B5F0-DCF1773CFBC0}.Debug|Any CPU.Build.0 = Debug|Any CPU
		{C06864FE-892A-41DF-B5F0-DCF1773CFBC0}.Release|Any CPU.ActiveCfg = Release|Any CPU
		{C06864FE-892A-41DF-B5F0-DCF1773CFBC0}.Release|Any CPU.Build.0 = Release|Any CPU
		{0165B3D1-D64C-4BF6-8B82-2E9F97CBBF12}.Debug|Any CPU.ActiveCfg = Debug|Any CPU
		{0165B3D1-D64C-4BF6-8B82-2E9F97CBBF12}.Debug|Any CPU.Build.0 = Debug|Any CPU
		{0165B3D1-D64C-4BF6-8B82-2E9F97CBBF12}.Release|Any CPU.ActiveCfg = Release|Any CPU
		{0165B3D1-D64C-4BF6-8B82-2E9F97CBBF12}.Release|Any CPU.Build.0 = Release|Any CPU
		{E5EE39FB-300E-443B-9FFC-75E589880BEA}.Debug|Any CPU.ActiveCfg = Debug|Any CPU
		{E5EE39FB-300E-443B-9FFC-75E589880BEA}.Debug|Any CPU.Build.0 = Debug|Any CPU
		{E5EE39FB-300E-443B-9FFC-75E589880BEA}.Debug|Any CPU.Deploy.0 = Debug|Any CPU
		{E5EE39FB-300E-443B-9FFC-75E589880BEA}.Release|Any CPU.ActiveCfg = Release|Any CPU
		{E5EE39FB-300E-443B-9FFC-75E589880BEA}.Release|Any CPU.Build.0 = Release|Any CPU
		{E5EE39FB-300E-443B-9FFC-75E589880BEA}.Release|Any CPU.Deploy.0 = Release|Any CPU
		{C8877229-F99D-4C3E-94B4-45CAC190E2CE}.Debug|Any CPU.ActiveCfg = Debug|Any CPU
		{C8877229-F99D-4C3E-94B4-45CAC190E2CE}.Debug|Any CPU.Build.0 = Debug|Any CPU
		{C8877229-F99D-4C3E-94B4-45CAC190E2CE}.Release|Any CPU.ActiveCfg = Release|Any CPU
		{C8877229-F99D-4C3E-94B4-45CAC190E2CE}.Release|Any CPU.Build.0 = Release|Any CPU
	EndGlobalSection
	GlobalSection(SolutionProperties) = preSolution
		HideSolutionNode = FALSE
	EndGlobalSection
EndGlobal
